
Microsoft Visual Studio Solution File, Format Version 12.00
# Visual Studio Version 17
VisualStudioVersion = 17.3.32929.385
MinimumVisualStudioVersion = 10.0.40219.1
Project("{9A19103F-16F7-4668-BE54-9A1E7A4F7556}") = "IMS.WebApp", "IMS.WebApp\IMS.WebApp.csproj", "{D90E218A-3713-48BD-984E-DA2CD476B69D}"
EndProject
Project("{9A19103F-16F7-4668-BE54-9A1E7A4F7556}") = "IMS.UseCases", "IMS.UseCases\IMS.UseCases.csproj", "{88205362-2D24-4A2F-A6B6-18E32D117C14}"
EndProject
Project("{9A19103F-16F7-4668-BE54-9A1E7A4F7556}") = "IMS.CoreBusiness", "IMS.CoreBusiness\IMS.CoreBusiness.csproj", "{435C2BED-41DA-40FA-8CC3-0B430E2DFA2F}"
EndProject
Project("{9A19103F-16F7-4668-BE54-9A1E7A4F7556}") = "IMS.Plugins", "IMS.Plugins.EFCore\IMS.Plugins.csproj", "{A5CB5E3E-7467-4D23-B164-7BB311A70B9A}"
EndProject
Global
	GlobalSection(SolutionConfigurationPlatforms) = preSolution
		Debug|Any CPU = Debug|Any CPU
		Release|Any CPU = Release|Any CPU
	EndGlobalSection
	GlobalSection(ProjectConfigurationPlatforms) = postSolution
		{D90E218A-3713-48BD-984E-DA2CD476B69D}.Debug|Any CPU.ActiveCfg = Debug|Any CPU
		{D90E218A-3713-48BD-984E-DA2CD476B69D}.Debug|Any CPU.Build.0 = Debug|Any CPU
		{D90E218A-3713-48BD-984E-DA2CD476B69D}.Release|Any CPU.ActiveCfg = Release|Any CPU
		{D90E218A-3713-48BD-984E-DA2CD476B69D}.Release|Any CPU.Build.0 = Release|Any CPU
		{88205362-2D24-4A2F-A6B6-18E32D117C14}.Debug|Any CPU.ActiveCfg = Debug|Any CPU
		{88205362-2D24-4A2F-A6B6-18E32D117C14}.Debug|Any CPU.Build.0 = Debug|Any CPU
		{88205362-2D24-4A2F-A6B6-18E32D117C14}.Release|Any CPU.ActiveCfg = Release|Any CPU
		{88205362-2D24-4A2F-A6B6-18E32D117C14}.Release|Any CPU.Build.0 = Release|Any CPU
		{435C2BED-41DA-40FA-8CC3-0B430E2DFA2F}.Debug|Any CPU.ActiveCfg = Debug|Any CPU
		{435C2BED-41DA-40FA-8CC3-0B430E2DFA2F}.Debug|Any CPU.Build.0 = Debug|Any CPU
		{435C2BED-41DA-40FA-8CC3-0B430E2DFA2F}.Release|Any CPU.ActiveCfg = Release|Any CPU
		{435C2BED-41DA-40FA-8CC3-0B430E2DFA2F}.Release|Any CPU.Build.0 = Release|Any CPU
		{A5CB5E3E-7467-4D23-B164-7BB311A70B9A}.Debug|Any CPU.ActiveCfg = Debug|Any CPU
		{A5CB5E3E-7467-4D23-B164-7BB311A70B9A}.Debug|Any CPU.Build.0 = Debug|Any CPU
		{A5CB5E3E-7467-4D23-B164-7BB311A70B9A}.Release|Any CPU.ActiveCfg = Release|Any CPU
		{A5CB5E3E-7467-4D23-B164-7BB311A70B9A}.Release|Any CPU.Build.0 = Release|Any CPU
	EndGlobalSection
	GlobalSection(SolutionProperties) = preSolution
		HideSolutionNode = FALSE
	EndGlobalSection
	GlobalSection(ExtensibilityGlobals) = postSolution
		SolutionGuid = {6F5CEAB3-0785-4B15-93BD-97052364ED3F}
	EndGlobalSection
EndGlobal
